
Microsoft Visual Studio Solution File, Format Version 12.00
# Visual Studio Version 16
VisualStudioVersion = 16.0.32228.343
MinimumVisualStudioVersion = 10.0.40219.1
Project("{FAE04EC0-301F-11D3-BF4B-00C04F79EFBC}") = "practice_API", "practice_API\practice_API.csproj", "{C5013806-2434-451E-9F78-1BF8F1062AA8}"
EndProject
Global
	GlobalSection(SolutionConfigurationPlatforms) = preSolution
		Debug|Any CPU = Debug|Any CPU
		Release|Any CPU = Release|Any CPU
	EndGlobalSection
	GlobalSection(ProjectConfigurationPlatforms) = postSolution
		{C5013806-2434-451E-9F78-1BF8F1062AA8}.Debug|Any CPU.ActiveCfg = Debug|Any CPU
		{C5013806-2434-451E-9F78-1BF8F1062AA8}.Debug|Any CPU.Build.0 = Debug|Any CPU
		{C5013806-2434-451E-9F78-1BF8F1062AA8}.Release|Any CPU.ActiveCfg = Release|Any CPU
		{C5013806-2434-451E-9F78-1BF8F1062AA8}.Release|Any CPU.Build.0 = Release|Any CPU
	EndGlobalSection
	GlobalSection(SolutionProperties) = preSolution
		HideSolutionNode = FALSE
	EndGlobalSection
	GlobalSection(ExtensibilityGlobals) = postSolution
		SolutionGuid = {A330A20E-5744-41FE-A4C8-738530332CCE}
	EndGlobalSection
EndGlobal
